// !$*UTF8*$!
{
	archiveVersion = 1;
	classes = {
	};
	objectVersion = 56;
	objects = {

/* Begin PBXBuildFile section */
		292EF0D82965EA0100FE2887 /* LoginController.swift in Sources */ = {isa = PBXBuildFile; fileRef = 292EF0D72965EA0100FE2887 /* LoginController.swift */; };
		292EF0E02965EC4500FE2887 /* BaseController.swift in Sources */ = {isa = PBXBuildFile; fileRef = 292EF0DF2965EC4500FE2887 /* BaseController.swift */; };
		2989705529664B6600FB62B8 /* Utilities.swift in Sources */ = {isa = PBXBuildFile; fileRef = 2989705429664B6600FB62B8 /* Utilities.swift */; };
		2989705729668BC200FB62B8 /* RegisterationController.swift in Sources */ = {isa = PBXBuildFile; fileRef = 2989705629668BC200FB62B8 /* RegisterationController.swift */; };
		29FD007D2965098500E98BB7 /* AppDelegate.swift in Sources */ = {isa = PBXBuildFile; fileRef = 29FD007C2965098500E98BB7 /* AppDelegate.swift */; };
		29FD007F2965098500E98BB7 /* SceneDelegate.swift in Sources */ = {isa = PBXBuildFile; fileRef = 29FD007E2965098500E98BB7 /* SceneDelegate.swift */; };
		29FD00862965098600E98BB7 /* Assets.xcassets in Resources */ = {isa = PBXBuildFile; fileRef = 29FD00852965098600E98BB7 /* Assets.xcassets */; };
		29FD00892965098600E98BB7 /* LaunchScreen.storyboard in Resources */ = {isa = PBXBuildFile; fileRef = 29FD00872965098600E98BB7 /* LaunchScreen.storyboard */; };
		29FD009829650BCD00E98BB7 /* MainTabController.swift in Sources */ = {isa = PBXBuildFile; fileRef = 29FD009729650BCD00E98BB7 /* MainTabController.swift */; };
		29FD009C29650DE000E98BB7 /* FeedController.swift in Sources */ = {isa = PBXBuildFile; fileRef = 29FD009B29650DE000E98BB7 /* FeedController.swift */; };
		29FD009E29650E2800E98BB7 /* ExploreController.swift in Sources */ = {isa = PBXBuildFile; fileRef = 29FD009D29650E2800E98BB7 /* ExploreController.swift */; };
		29FD00A029650E4800E98BB7 /* NotificationsController.swift in Sources */ = {isa = PBXBuildFile; fileRef = 29FD009F29650E4800E98BB7 /* NotificationsController.swift */; };
		29FD00A229650E6D00E98BB7 /* ConversationsController.swift in Sources */ = {isa = PBXBuildFile; fileRef = 29FD00A129650E6D00E98BB7 /* ConversationsController.swift */; };
		29FD00A429652B6100E98BB7 /* Extensions.swift in Sources */ = {isa = PBXBuildFile; fileRef = 29FD00A329652B6100E98BB7 /* Extensions.swift */; };
/* End PBXBuildFile section */

/* Begin PBXFileReference section */
		292EF0D72965EA0100FE2887 /* LoginController.swift */ = {isa = PBXFileReference; lastKnownFileType = sourcecode.swift; path = LoginController.swift; sourceTree = "<group>"; };
		292EF0DF2965EC4500FE2887 /* BaseController.swift */ = {isa = PBXFileReference; lastKnownFileType = sourcecode.swift; path = BaseController.swift; sourceTree = "<group>"; };
		2989705429664B6600FB62B8 /* Utilities.swift */ = {isa = PBXFileReference; lastKnownFileType = sourcecode.swift; path = Utilities.swift; sourceTree = "<group>"; };
		2989705629668BC200FB62B8 /* RegisterationController.swift */ = {isa = PBXFileReference; lastKnownFileType = sourcecode.swift; path = RegisterationController.swift; sourceTree = "<group>"; };
		29FD00792965098500E98BB7 /* TwitterClone.app */ = {isa = PBXFileReference; explicitFileType = wrapper.application; includeInIndex = 0; path = TwitterClone.app; sourceTree = BUILT_PRODUCTS_DIR; };
		29FD007C2965098500E98BB7 /* AppDelegate.swift */ = {isa = PBXFileReference; lastKnownFileType = sourcecode.swift; path = AppDelegate.swift; sourceTree = "<group>"; };
		29FD007E2965098500E98BB7 /* SceneDelegate.swift */ = {isa = PBXFileReference; lastKnownFileType = sourcecode.swift; path = SceneDelegate.swift; sourceTree = "<group>"; };
		29FD00852965098600E98BB7 /* Assets.xcassets */ = {isa = PBXFileReference; lastKnownFileType = folder.assetcatalog; path = Assets.xcassets; sourceTree = "<group>"; };
		29FD00882965098600E98BB7 /* Base */ = {isa = PBXFileReference; lastKnownFileType = file.storyboard; name = Base; path = Base.lproj/LaunchScreen.storyboard; sourceTree = "<group>"; };
		29FD008A2965098600E98BB7 /* Info.plist */ = {isa = PBXFileReference; lastKnownFileType = text.plist.xml; path = Info.plist; sourceTree = "<group>"; };
		29FD009729650BCD00E98BB7 /* MainTabController.swift */ = {isa = PBXFileReference; lastKnownFileType = sourcecode.swift; path = MainTabController.swift; sourceTree = "<group>"; };
		29FD009B29650DE000E98BB7 /* FeedController.swift */ = {isa = PBXFileReference; lastKnownFileType = sourcecode.swift; path = FeedController.swift; sourceTree = "<group>"; };
		29FD009D29650E2800E98BB7 /* ExploreController.swift */ = {isa = PBXFileReference; lastKnownFileType = sourcecode.swift; path = ExploreController.swift; sourceTree = "<group>"; };
		29FD009F29650E4800E98BB7 /* NotificationsController.swift */ = {isa = PBXFileReference; lastKnownFileType = sourcecode.swift; path = NotificationsController.swift; sourceTree = "<group>"; };
		29FD00A129650E6D00E98BB7 /* ConversationsController.swift */ = {isa = PBXFileReference; lastKnownFileType = sourcecode.swift; path = ConversationsController.swift; sourceTree = "<group>"; };
		29FD00A329652B6100E98BB7 /* Extensions.swift */ = {isa = PBXFileReference; lastKnownFileType = sourcecode.swift; path = Extensions.swift; sourceTree = "<group>"; };
/* End PBXFileReference section */

/* Begin PBXFrameworksBuildPhase section */
		29FD00762965098500E98BB7 /* Frameworks */ = {
			isa = PBXFrameworksBuildPhase;
			buildActionMask = 2147483647;
			files = (
			);
			runOnlyForDeploymentPostprocessing = 0;
		};
/* End PBXFrameworksBuildPhase section */

/* Begin PBXGroup section */
		292EF0D22965E9CA00FE2887 /* AuthControllers */ = {
			isa = PBXGroup;
			children = (
				292EF0D72965EA0100FE2887 /* LoginController.swift */,
				2989705629668BC200FB62B8 /* RegisterationController.swift */,
			);
			path = AuthControllers;
			sourceTree = "<group>";
		};
		292EF0DE2965EC3C00FE2887 /* BaseController */ = {
			isa = PBXGroup;
			children = (
				292EF0DF2965EC4500FE2887 /* BaseController.swift */,
			);
			path = BaseController;
			sourceTree = "<group>";
		};
		298970582966934400FB62B8 /* MainTabBar */ = {
			isa = PBXGroup;
			children = (
				29FD009729650BCD00E98BB7 /* MainTabController.swift */,
			);
			path = MainTabBar;
			sourceTree = "<group>";
		};
		298970592966936400FB62B8 /* Tabs */ = {
			isa = PBXGroup;
			children = (
				29FD009B29650DE000E98BB7 /* FeedController.swift */,
				29FD009D29650E2800E98BB7 /* ExploreController.swift */,
				29FD009F29650E4800E98BB7 /* NotificationsController.swift */,
				29FD00A129650E6D00E98BB7 /* ConversationsController.swift */,
			);
			path = Tabs;
			sourceTree = "<group>";
		};
		29FD00702965098400E98BB7 = {
			isa = PBXGroup;
			children = (
				29FD007B2965098500E98BB7 /* TwitterClone */,
				29FD007A2965098500E98BB7 /* Products */,
			);
			sourceTree = "<group>";
		};
		29FD007A2965098500E98BB7 /* Products */ = {
			isa = PBXGroup;
			children = (
				29FD00792965098500E98BB7 /* TwitterClone.app */,
			);
			name = Products;
			sourceTree = "<group>";
		};
		29FD007B2965098500E98BB7 /* TwitterClone */ = {
			isa = PBXGroup;
			children = (
				29FD009629650A8400E98BB7 /* Model */,
				29FD009529650A8300E98BB7 /* View */,
				29FD009429650A8200E98BB7 /* ViewModel */,
				29FD009329650A8100E98BB7 /* Controllers */,
				29FD009229650A8000E98BB7 /* API */,
				29FD009129650A7F00E98BB7 /* Utilities */,
				29FD007C2965098500E98BB7 /* AppDelegate.swift */,
				29FD007E2965098500E98BB7 /* SceneDelegate.swift */,
				29FD00852965098600E98BB7 /* Assets.xcassets */,
				29FD00872965098600E98BB7 /* LaunchScreen.storyboard */,
				29FD008A2965098600E98BB7 /* Info.plist */,
			);
			path = TwitterClone;
			sourceTree = "<group>";
		};
		29FD009129650A7F00E98BB7 /* Utilities */ = {
			isa = PBXGroup;
			children = (
				2989705429664B6600FB62B8 /* Utilities.swift */,
				29FD00A329652B6100E98BB7 /* Extensions.swift */,
			);
			path = Utilities;
			sourceTree = "<group>";
		};
		29FD009229650A8000E98BB7 /* API */ = {
			isa = PBXGroup;
			children = (
			);
			path = API;
			sourceTree = "<group>";
		};
		29FD009329650A8100E98BB7 /* Controllers */ = {
			isa = PBXGroup;
			children = (
				292EF0DE2965EC3C00FE2887 /* BaseController */,
				292EF0D22965E9CA00FE2887 /* AuthControllers */,
				298970582966934400FB62B8 /* MainTabBar */,
				298970592966936400FB62B8 /* Tabs */,
			);
			path = Controllers;
			sourceTree = "<group>";
		};
		29FD009429650A8200E98BB7 /* ViewModel */ = {
			isa = PBXGroup;
			children = (
			);
			path = ViewModel;
			sourceTree = "<group>";
		};
		29FD009529650A8300E98BB7 /* View */ = {
			isa = PBXGroup;
			children = (
			);
			path = View;
			sourceTree = "<group>";
		};
		29FD009629650A8400E98BB7 /* Model */ = {
			isa = PBXGroup;
			children = (
			);
			path = Model;
			sourceTree = "<group>";
		};
/* End PBXGroup section */

/* Begin PBXNativeTarget section */
		29FD00782965098500E98BB7 /* TwitterClone */ = {
			isa = PBXNativeTarget;
			buildConfigurationList = 29FD008D2965098600E98BB7 /* Build configuration list for PBXNativeTarget "TwitterClone" */;
			buildPhases = (
				29FD00752965098500E98BB7 /* Sources */,
				29FD00762965098500E98BB7 /* Frameworks */,
				29FD00772965098500E98BB7 /* Resources */,
			);
			buildRules = (
			);
			dependencies = (
			);
			name = TwitterClone;
			productName = TwitterClone;
			productReference = 29FD00792965098500E98BB7 /* TwitterClone.app */;
			productType = "com.apple.product-type.application";
		};
/* End PBXNativeTarget section */

/* Begin PBXProject section */
		29FD00712965098400E98BB7 /* Project object */ = {
			isa = PBXProject;
			attributes = {
				BuildIndependentTargetsInParallel = 1;
				LastSwiftUpdateCheck = 1410;
				LastUpgradeCheck = 1410;
				TargetAttributes = {
					29FD00782965098500E98BB7 = {
						CreatedOnToolsVersion = 14.1;
					};
				};
			};
			buildConfigurationList = 29FD00742965098400E98BB7 /* Build configuration list for PBXProject "TwitterClone" */;
			compatibilityVersion = "Xcode 14.0";
			developmentRegion = en;
			hasScannedForEncodings = 0;
			knownRegions = (
				en,
				Base,
			);
			mainGroup = 29FD00702965098400E98BB7;
			productRefGroup = 29FD007A2965098500E98BB7 /* Products */;
			projectDirPath = "";
			projectRoot = "";
			targets = (
				29FD00782965098500E98BB7 /* TwitterClone */,
			);
		};
/* End PBXProject section */

/* Begin PBXResourcesBuildPhase section */
		29FD00772965098500E98BB7 /* Resources */ = {
			isa = PBXResourcesBuildPhase;
			buildActionMask = 2147483647;
			files = (
				29FD00892965098600E98BB7 /* LaunchScreen.storyboard in Resources */,
				29FD00862965098600E98BB7 /* Assets.xcassets in Resources */,
			);
			runOnlyForDeploymentPostprocessing = 0;
		};
/* End PBXResourcesBuildPhase section */

/* Begin PBXSourcesBuildPhase section */
		29FD00752965098500E98BB7 /* Sources */ = {
			isa = PBXSourcesBuildPhase;
			buildActionMask = 2147483647;
			files = (
				29FD00A029650E4800E98BB7 /* NotificationsController.swift in Sources */,
				292EF0D82965EA0100FE2887 /* LoginController.swift in Sources */,
				29FD00A229650E6D00E98BB7 /* ConversationsController.swift in Sources */,
				29FD007D2965098500E98BB7 /* AppDelegate.swift in Sources */,
				2989705529664B6600FB62B8 /* Utilities.swift in Sources */,
				29FD00A429652B6100E98BB7 /* Extensions.swift in Sources */,
				29FD009E29650E2800E98BB7 /* ExploreController.swift in Sources */,
				29FD009829650BCD00E98BB7 /* MainTabController.swift in Sources */,
				2989705729668BC200FB62B8 /* RegisterationController.swift in Sources */,
				29FD007F2965098500E98BB7 /* SceneDelegate.swift in Sources */,
				292EF0E02965EC4500FE2887 /* BaseController.swift in Sources */,
				29FD009C29650DE000E98BB7 /* FeedController.swift in Sources */,
			);
			runOnlyForDeploymentPostprocessing = 0;
		};
/* End PBXSourcesBuildPhase section */

/* Begin PBXVariantGroup section */
		29FD00872965098600E98BB7 /* LaunchScreen.storyboard */ = {
			isa = PBXVariantGroup;
			children = (
				29FD00882965098600E98BB7 /* Base */,
			);
			name = LaunchScreen.storyboard;
			sourceTree = "<group>";
		};
/* End PBXVariantGroup section */

/* Begin XCBuildConfiguration section */
		29FD008B2965098600E98BB7 /* Debug */ = {
			isa = XCBuildConfiguration;
			buildSettings = {
				ALWAYS_SEARCH_USER_PATHS = NO;
				CLANG_ANALYZER_NONNULL = YES;
				CLANG_ANALYZER_NUMBER_OBJECT_CONVERSION = YES_AGGRESSIVE;
				CLANG_CXX_LANGUAGE_STANDARD = "gnu++20";
				CLANG_ENABLE_MODULES = YES;
				CLANG_ENABLE_OBJC_ARC = YES;
				CLANG_ENABLE_OBJC_WEAK = YES;
				CLANG_WARN_BLOCK_CAPTURE_AUTORELEASING = YES;
				CLANG_WARN_BOOL_CONVERSION = YES;
				CLANG_WARN_COMMA = YES;
				CLANG_WARN_CONSTANT_CONVERSION = YES;
				CLANG_WARN_DEPRECATED_OBJC_IMPLEMENTATIONS = YES;
				CLANG_WARN_DIRECT_OBJC_ISA_USAGE = YES_ERROR;
				CLANG_WARN_DOCUMENTATION_COMMENTS = YES;
				CLANG_WARN_EMPTY_BODY = YES;
				CLANG_WARN_ENUM_CONVERSION = YES;
				CLANG_WARN_INFINITE_RECURSION = YES;
				CLANG_WARN_INT_CONVERSION = YES;
				CLANG_WARN_NON_LITERAL_NULL_CONVERSION = YES;
				CLANG_WARN_OBJC_IMPLICIT_RETAIN_SELF = YES;
				CLANG_WARN_OBJC_LITERAL_CONVERSION = YES;
				CLANG_WARN_OBJC_ROOT_CLASS = YES_ERROR;
				CLANG_WARN_QUOTED_INCLUDE_IN_FRAMEWORK_HEADER = YES;
				CLANG_WARN_RANGE_LOOP_ANALYSIS = YES;
				CLANG_WARN_STRICT_PROTOTYPES = YES;
				CLANG_WARN_SUSPICIOUS_MOVE = YES;
				CLANG_WARN_UNGUARDED_AVAILABILITY = YES_AGGRESSIVE;
				CLANG_WARN_UNREACHABLE_CODE = YES;
				CLANG_WARN__DUPLICATE_METHOD_MATCH = YES;
				COPY_PHASE_STRIP = NO;
				DEBUG_INFORMATION_FORMAT = dwarf;
				ENABLE_STRICT_OBJC_MSGSEND = YES;
				ENABLE_TESTABILITY = YES;
				GCC_C_LANGUAGE_STANDARD = gnu11;
				GCC_DYNAMIC_NO_PIC = NO;
				GCC_NO_COMMON_BLOCKS = YES;
				GCC_OPTIMIZATION_LEVEL = 0;
				GCC_PREPROCESSOR_DEFINITIONS = (
					"DEBUG=1",
					"$(inherited)",
				);
				GCC_WARN_64_TO_32_BIT_CONVERSION = YES;
				GCC_WARN_ABOUT_RETURN_TYPE = YES_ERROR;
				GCC_WARN_UNDECLARED_SELECTOR = YES;
				GCC_WARN_UNINITIALIZED_AUTOS = YES_AGGRESSIVE;
				GCC_WARN_UNUSED_FUNCTION = YES;
				GCC_WARN_UNUSED_VARIABLE = YES;
				IPHONEOS_DEPLOYMENT_TARGET = 16.1;
				MTL_ENABLE_DEBUG_INFO = INCLUDE_SOURCE;
				MTL_FAST_MATH = YES;
				ONLY_ACTIVE_ARCH = YES;
				SDKROOT = iphoneos;
				SWIFT_ACTIVE_COMPILATION_CONDITIONS = DEBUG;
				SWIFT_OPTIMIZATION_LEVEL = "-Onone";
			};
			name = Debug;
		};
		29FD008C2965098600E98BB7 /* Release */ = {
			isa = XCBuildConfiguration;
			buildSettings = {
				ALWAYS_SEARCH_USER_PATHS = NO;
				CLANG_ANALYZER_NONNULL = YES;
				CLANG_ANALYZER_NUMBER_OBJECT_CONVERSION = YES_AGGRESSIVE;
				CLANG_CXX_LANGUAGE_STANDARD = "gnu++20";
				CLANG_ENABLE_MODULES = YES;
				CLANG_ENABLE_OBJC_ARC = YES;
				CLANG_ENABLE_OBJC_WEAK = YES;
				CLANG_WARN_BLOCK_CAPTURE_AUTORELEASING = YES;
				CLANG_WARN_BOOL_CONVERSION = YES;
				CLANG_WARN_COMMA = YES;
				CLANG_WARN_CONSTANT_CONVERSION = YES;
				CLANG_WARN_DEPRECATED_OBJC_IMPLEMENTATIONS = YES;
				CLANG_WARN_DIRECT_OBJC_ISA_USAGE = YES_ERROR;
				CLANG_WARN_DOCUMENTATION_COMMENTS = YES;
				CLANG_WARN_EMPTY_BODY = YES;
				CLANG_WARN_ENUM_CONVERSION = YES;
				CLANG_WARN_INFINITE_RECURSION = YES;
				CLANG_WARN_INT_CONVERSION = YES;
				CLANG_WARN_NON_LITERAL_NULL_CONVERSION = YES;
				CLANG_WARN_OBJC_IMPLICIT_RETAIN_SELF = YES;
				CLANG_WARN_OBJC_LITERAL_CONVERSION = YES;
				CLANG_WARN_OBJC_ROOT_CLASS = YES_ERROR;
				CLANG_WARN_QUOTED_INCLUDE_IN_FRAMEWORK_HEADER = YES;
				CLANG_WARN_RANGE_LOOP_ANALYSIS = YES;
				CLANG_WARN_STRICT_PROTOTYPES = YES;
				CLANG_WARN_SUSPICIOUS_MOVE = YES;
				CLANG_WARN_UNGUARDED_AVAILABILITY = YES_AGGRESSIVE;
				CLANG_WARN_UNREACHABLE_CODE = YES;
				CLANG_WARN__DUPLICATE_METHOD_MATCH = YES;
				COPY_PHASE_STRIP = NO;
				DEBUG_INFORMATION_FORMAT = "dwarf-with-dsym";
				ENABLE_NS_ASSERTIONS = NO;
				ENABLE_STRICT_OBJC_MSGSEND = YES;
				GCC_C_LANGUAGE_STANDARD = gnu11;
				GCC_NO_COMMON_BLOCKS = YES;
				GCC_WARN_64_TO_32_BIT_CONVERSION = YES;
				GCC_WARN_ABOUT_RETURN_TYPE = YES_ERROR;
				GCC_WARN_UNDECLARED_SELECTOR = YES;
				GCC_WARN_UNINITIALIZED_AUTOS = YES_AGGRESSIVE;
				GCC_WARN_UNUSED_FUNCTION = YES;
				GCC_WARN_UNUSED_VARIABLE = YES;
				IPHONEOS_DEPLOYMENT_TARGET = 16.1;
				MTL_ENABLE_DEBUG_INFO = NO;
				MTL_FAST_MATH = YES;
				SDKROOT = iphoneos;
				SWIFT_COMPILATION_MODE = wholemodule;
				SWIFT_OPTIMIZATION_LEVEL = "-O";
				VALIDATE_PRODUCT = YES;
			};
			name = Release;
		};
		29FD008E2965098600E98BB7 /* Debug */ = {
			isa = XCBuildConfiguration;
			buildSettings = {
				ASSETCATALOG_COMPILER_APPICON_NAME = AppIcon;
				ASSETCATALOG_COMPILER_GLOBAL_ACCENT_COLOR_NAME = AccentColor;
				CODE_SIGN_STYLE = Automatic;
				CURRENT_PROJECT_VERSION = 1;
				GENERATE_INFOPLIST_FILE = YES;
				INFOPLIST_FILE = TwitterClone/Info.plist;
				INFOPLIST_KEY_UIApplicationSupportsIndirectInputEvents = YES;
				INFOPLIST_KEY_UILaunchStoryboardName = LaunchScreen.storyboard;
				INFOPLIST_KEY_UIStatusBarStyle = UIStatusBarStyleLightContent;
				INFOPLIST_KEY_UISupportedInterfaceOrientations = UIInterfaceOrientationPortrait;
				IPHONEOS_DEPLOYMENT_TARGET = 13.0;
				LD_RUNPATH_SEARCH_PATHS = (
					"$(inherited)",
					"@executable_path/Frameworks",
				);
				MARKETING_VERSION = 1.0;
				PRODUCT_BUNDLE_IDENTIFIER = com.twitter.clone;
				PRODUCT_NAME = "$(TARGET_NAME)";
				SUPPORTED_PLATFORMS = "iphoneos iphonesimulator";
				SUPPORTS_MACCATALYST = NO;
				SUPPORTS_MAC_DESIGNED_FOR_IPHONE_IPAD = NO;
				SWIFT_EMIT_LOC_STRINGS = YES;
				SWIFT_VERSION = 5.0;
				TARGETED_DEVICE_FAMILY = "1,2";
			};
			name = Debug;
		};
		29FD008F2965098600E98BB7 /* Release */ = {
			isa = XCBuildConfiguration;
			buildSettings = {
				ASSETCATALOG_COMPILER_APPICON_NAME = AppIcon;
				ASSETCATALOG_COMPILER_GLOBAL_ACCENT_COLOR_NAME = AccentColor;
				CODE_SIGN_STYLE = Automatic;
				CURRENT_PROJECT_VERSION = 1;
				GENERATE_INFOPLIST_FILE = YES;
				INFOPLIST_FILE = TwitterClone/Info.plist;
				INFOPLIST_KEY_UIApplicationSupportsIndirectInputEvents = YES;
				INFOPLIST_KEY_UILaunchStoryboardName = LaunchScreen.storyboard;
				INFOPLIST_KEY_UIStatusBarStyle = UIStatusBarStyleLightContent;
				INFOPLIST_KEY_UISupportedInterfaceOrientations = UIInterfaceOrientationPortrait;
				IPHONEOS_DEPLOYMENT_TARGET = 13.0;
				LD_RUNPATH_SEARCH_PATHS = (
					"$(inherited)",
					"@executable_path/Frameworks",
				);
				MARKETING_VERSION = 1.0;
				PRODUCT_BUNDLE_IDENTIFIER = com.twitter.clone;
				PRODUCT_NAME = "$(TARGET_NAME)";
				SUPPORTED_PLATFORMS = "iphoneos iphonesimulator";
				SUPPORTS_MACCATALYST = NO;
				SUPPORTS_MAC_DESIGNED_FOR_IPHONE_IPAD = NO;
				SWIFT_EMIT_LOC_STRINGS = YES;
				SWIFT_VERSION = 5.0;
				TARGETED_DEVICE_FAMILY = "1,2";
			};
			name = Release;
		};
/* End XCBuildConfiguration section */

/* Begin XCConfigurationList section */
		29FD00742965098400E98BB7 /* Build configuration list for PBXProject "TwitterClone" */ = {
			isa = XCConfigurationList;
			buildConfigurations = (
				29FD008B2965098600E98BB7 /* Debug */,
				29FD008C2965098600E98BB7 /* Release */,
			);
			defaultConfigurationIsVisible = 0;
			defaultConfigurationName = Release;
		};
		29FD008D2965098600E98BB7 /* Build configuration list for PBXNativeTarget "TwitterClone" */ = {
			isa = XCConfigurationList;
			buildConfigurations = (
				29FD008E2965098600E98BB7 /* Debug */,
				29FD008F2965098600E98BB7 /* Release */,
			);
			defaultConfigurationIsVisible = 0;
			defaultConfigurationName = Release;
		};
/* End XCConfigurationList section */
	};
	rootObject = 29FD00712965098400E98BB7 /* Project object */;
}
